
Microsoft Visual Studio Solution File, Format Version 12.00
# Visual Studio 2012
# SharpDevelop 5.0
VisualStudioVersion = 12.0.20827.3
MinimumVisualStudioVersion = 10.0.40219.1
Project("{FAE04EC0-301F-11D3-BF4B-00C04F79EFBC}") = "fcObj", "fcObj.csproj", "{CD788EE7-558E-4CB9-9B88-471E0530FFEE}"
EndProject
Project("{FAE04EC0-301F-11D3-BF4B-00C04F79EFBC}") = "fcSync", "..\fcSync\fcSync.csproj", "{BCF136E1-382D-4CFF-B8F9-2EC414828F57}"
EndProject
Project("{FAE04EC0-301F-11D3-BF4B-00C04F79EFBC}") = "fcDmw", "..\fcDmw\fcDmw.csproj", "{E0F7D0DF-81DC-41E1-ACAA-1F7C1A4C0C2D}"
EndProject
Global
	GlobalSection(SolutionConfigurationPlatforms) = preSolution
		Debug|Any CPU = Debug|Any CPU
		Release|Any CPU = Release|Any CPU
	EndGlobalSection
	GlobalSection(ProjectConfigurationPlatforms) = postSolution
		{CD788EE7-558E-4CB9-9B88-471E0530FFEE}.Debug|Any CPU.ActiveCfg = Debug|Any CPU
		{CD788EE7-558E-4CB9-9B88-471E0530FFEE}.Debug|Any CPU.Build.0 = Debug|Any CPU
		{CD788EE7-558E-4CB9-9B88-471E0530FFEE}.Release|Any CPU.ActiveCfg = Release|Any CPU
		{CD788EE7-558E-4CB9-9B88-471E0530FFEE}.Release|Any CPU.Build.0 = Release|Any CPU
		{BCF136E1-382D-4CFF-B8F9-2EC414828F57}.Debug|Any CPU.ActiveCfg = Debug|Any CPU
		{BCF136E1-382D-4CFF-B8F9-2EC414828F57}.Debug|Any CPU.Build.0 = Debug|Any CPU
		{BCF136E1-382D-4CFF-B8F9-2EC414828F57}.Release|Any CPU.ActiveCfg = Release|Any CPU
		{BCF136E1-382D-4CFF-B8F9-2EC414828F57}.Release|Any CPU.Build.0 = Release|Any CPU
		{E0F7D0DF-81DC-41E1-ACAA-1F7C1A4C0C2D}.Debug|Any CPU.ActiveCfg = Debug|Any CPU
		{E0F7D0DF-81DC-41E1-ACAA-1F7C1A4C0C2D}.Debug|Any CPU.Build.0 = Debug|Any CPU
		{E0F7D0DF-81DC-41E1-ACAA-1F7C1A4C0C2D}.Release|Any CPU.ActiveCfg = Release|Any CPU
		{E0F7D0DF-81DC-41E1-ACAA-1F7C1A4C0C2D}.Release|Any CPU.Build.0 = Release|Any CPU
	EndGlobalSection
EndGlobal
